// !$*UTF8*$!
{
	archiveVersion = 1;
	classes = {
	};
	objectVersion = 50;
	objects = {

/* Begin PBXBuildFile section */
		A1DBC17E21D74820002EC98E /* AppDelegate.swift in Sources */ = {isa = PBXBuildFile; fileRef = A1DBC17D21D74820002EC98E /* AppDelegate.swift */; };
		A1DBC18021D74820002EC98E /* CategoriesVC.swift in Sources */ = {isa = PBXBuildFile; fileRef = A1DBC17F21D74820002EC98E /* CategoriesVC.swift */; };
		A1DBC18321D74820002EC98E /* Main.storyboard in Resources */ = {isa = PBXBuildFile; fileRef = A1DBC18121D74820002EC98E /* Main.storyboard */; };
		A1DBC18521D74825002EC98E /* Assets.xcassets in Resources */ = {isa = PBXBuildFile; fileRef = A1DBC18421D74825002EC98E /* Assets.xcassets */; };
		A1DBC18821D74825002EC98E /* LaunchScreen.storyboard in Resources */ = {isa = PBXBuildFile; fileRef = A1DBC18621D74825002EC98E /* LaunchScreen.storyboard */; };
		A1DBC19321D7E55F002EC98E /* CategoryCell.swift in Sources */ = {isa = PBXBuildFile; fileRef = A1DBC19221D7E55F002EC98E /* CategoryCell.swift */; };
		A1DF772C21D8A6980028B478 /* Category.swift in Sources */ = {isa = PBXBuildFile; fileRef = A1DF772B21D8A6980028B478 /* Category.swift */; };
		A1DF772F21D8AAB00028B478 /* DataService.swift in Sources */ = {isa = PBXBuildFile; fileRef = A1DF772E21D8AAB00028B478 /* DataService.swift */; };
		A1DF773121D8BDBE0028B478 /* ProductCell.swift in Sources */ = {isa = PBXBuildFile; fileRef = A1DF773021D8BDBE0028B478 /* ProductCell.swift */; };
		A1DF773321D91EC00028B478 /* Product.swift in Sources */ = {isa = PBXBuildFile; fileRef = A1DF773221D91EC00028B478 /* Product.swift */; };
/* End PBXBuildFile section */

/* Begin PBXFileReference section */
		A1DBC17A21D7481F002EC98E /* Coffee-Swagg.app */ = {isa = PBXFileReference; explicitFileType = wrapper.application; includeInIndex = 0; path = "Coffee-Swagg.app"; sourceTree = BUILT_PRODUCTS_DIR; };
		A1DBC17D21D74820002EC98E /* AppDelegate.swift */ = {isa = PBXFileReference; lastKnownFileType = sourcecode.swift; path = AppDelegate.swift; sourceTree = "<group>"; };
		A1DBC17F21D74820002EC98E /* CategoriesVC.swift */ = {isa = PBXFileReference; lastKnownFileType = sourcecode.swift; path = CategoriesVC.swift; sourceTree = "<group>"; };
		A1DBC18221D74820002EC98E /* Base */ = {isa = PBXFileReference; lastKnownFileType = file.storyboard; name = Base; path = Base.lproj/Main.storyboard; sourceTree = "<group>"; };
		A1DBC18421D74825002EC98E /* Assets.xcassets */ = {isa = PBXFileReference; lastKnownFileType = folder.assetcatalog; path = Assets.xcassets; sourceTree = "<group>"; };
		A1DBC18721D74825002EC98E /* Base */ = {isa = PBXFileReference; lastKnownFileType = file.storyboard; name = Base; path = Base.lproj/LaunchScreen.storyboard; sourceTree = "<group>"; };
		A1DBC18921D74825002EC98E /* Info.plist */ = {isa = PBXFileReference; lastKnownFileType = text.plist.xml; path = Info.plist; sourceTree = "<group>"; };
		A1DBC19221D7E55F002EC98E /* CategoryCell.swift */ = {isa = PBXFileReference; lastKnownFileType = sourcecode.swift; path = CategoryCell.swift; sourceTree = "<group>"; };
		A1DF772B21D8A6980028B478 /* Category.swift */ = {isa = PBXFileReference; lastKnownFileType = sourcecode.swift; path = Category.swift; sourceTree = "<group>"; };
		A1DF772E21D8AAB00028B478 /* DataService.swift */ = {isa = PBXFileReference; lastKnownFileType = sourcecode.swift; path = DataService.swift; sourceTree = "<group>"; };
		A1DF773021D8BDBE0028B478 /* ProductCell.swift */ = {isa = PBXFileReference; lastKnownFileType = sourcecode.swift; path = ProductCell.swift; sourceTree = "<group>"; };
		A1DF773221D91EC00028B478 /* Product.swift */ = {isa = PBXFileReference; lastKnownFileType = sourcecode.swift; path = Product.swift; sourceTree = "<group>"; };
/* End PBXFileReference section */

/* Begin PBXFrameworksBuildPhase section */
		A1DBC17721D7481F002EC98E /* Frameworks */ = {
			isa = PBXFrameworksBuildPhase;
			buildActionMask = 2147483647;
			files = (
			);
			runOnlyForDeploymentPostprocessing = 0;
		};
/* End PBXFrameworksBuildPhase section */

/* Begin PBXGroup section */
		A1DBC17121D7481F002EC98E = {
			isa = PBXGroup;
			children = (
				A1DF772D21D8AA8B0028B478 /* Services */,
				A1DBC19021D7E410002EC98E /* View */,
				A1DBC18F21D7E409002EC98E /* Model */,
				A1DBC19121D7E416002EC98E /* Controller */,
				A1DBC17C21D7481F002EC98E /* Coffee-Swagg */,
				A1DBC17B21D7481F002EC98E /* Products */,
			);
			sourceTree = "<group>";
		};
		A1DBC17B21D7481F002EC98E /* Products */ = {
			isa = PBXGroup;
			children = (
				A1DBC17A21D7481F002EC98E /* Coffee-Swagg.app */,
			);
			name = Products;
			sourceTree = "<group>";
		};
		A1DBC17C21D7481F002EC98E /* Coffee-Swagg */ = {
			isa = PBXGroup;
			children = (
				A1DBC17D21D74820002EC98E /* AppDelegate.swift */,
				A1DBC18121D74820002EC98E /* Main.storyboard */,
				A1DBC18421D74825002EC98E /* Assets.xcassets */,
				A1DBC18621D74825002EC98E /* LaunchScreen.storyboard */,
				A1DBC18921D74825002EC98E /* Info.plist */,
			);
			path = "Coffee-Swagg";
			sourceTree = "<group>";
		};
		A1DBC18F21D7E409002EC98E /* Model */ = {
			isa = PBXGroup;
			children = (
				A1DF772B21D8A6980028B478 /* Category.swift */,
				A1DF773221D91EC00028B478 /* Product.swift */,
			);
			path = Model;
			sourceTree = "<group>";
		};
		A1DBC19021D7E410002EC98E /* View */ = {
			isa = PBXGroup;
			children = (
				A1DBC19221D7E55F002EC98E /* CategoryCell.swift */,
				A1DF773021D8BDBE0028B478 /* ProductCell.swift */,
			);
			path = View;
			sourceTree = "<group>";
		};
		A1DBC19121D7E416002EC98E /* Controller */ = {
			isa = PBXGroup;
			children = (
				A1DBC17F21D74820002EC98E /* CategoriesVC.swift */,
			);
			path = Controller;
			sourceTree = "<group>";
		};
		A1DF772D21D8AA8B0028B478 /* Services */ = {
			isa = PBXGroup;
			children = (
				A1DF772E21D8AAB00028B478 /* DataService.swift */,
			);
			path = Services;
			sourceTree = "<group>";
		};
/* End PBXGroup section */

/* Begin PBXNativeTarget section */
		A1DBC17921D7481F002EC98E /* Coffee-Swagg */ = {
			isa = PBXNativeTarget;
			buildConfigurationList = A1DBC18C21D74825002EC98E /* Build configuration list for PBXNativeTarget "Coffee-Swagg" */;
			buildPhases = (
				A1DBC17621D7481F002EC98E /* Sources */,
				A1DBC17721D7481F002EC98E /* Frameworks */,
				A1DBC17821D7481F002EC98E /* Resources */,
			);
			buildRules = (
			);
			dependencies = (
			);
			name = "Coffee-Swagg";
			productName = "Coffee-Swagg";
			productReference = A1DBC17A21D7481F002EC98E /* Coffee-Swagg.app */;
			productType = "com.apple.product-type.application";
		};
/* End PBXNativeTarget section */

/* Begin PBXProject section */
		A1DBC17221D7481F002EC98E /* Project object */ = {
			isa = PBXProject;
			attributes = {
				LastSwiftUpdateCheck = 1010;
				LastUpgradeCheck = 1010;
				ORGANIZATIONNAME = Flyhightech.LLC;
				TargetAttributes = {
					A1DBC17921D7481F002EC98E = {
						CreatedOnToolsVersion = 10.1;
					};
				};
			};
			buildConfigurationList = A1DBC17521D7481F002EC98E /* Build configuration list for PBXProject "Coffee-Swagg" */;
			compatibilityVersion = "Xcode 9.3";
			developmentRegion = en;
			hasScannedForEncodings = 0;
			knownRegions = (
				en,
				Base,
			);
			mainGroup = A1DBC17121D7481F002EC98E;
			productRefGroup = A1DBC17B21D7481F002EC98E /* Products */;
			projectDirPath = "";
			projectRoot = "";
			targets = (
				A1DBC17921D7481F002EC98E /* Coffee-Swagg */,
			);
		};
/* End PBXProject section */

/* Begin PBXResourcesBuildPhase section */
		A1DBC17821D7481F002EC98E /* Resources */ = {
			isa = PBXResourcesBuildPhase;
			buildActionMask = 2147483647;
			files = (
				A1DBC18821D74825002EC98E /* LaunchScreen.storyboard in Resources */,
				A1DBC18521D74825002EC98E /* Assets.xcassets in Resources */,
				A1DBC18321D74820002EC98E /* Main.storyboard in Resources */,
			);
			runOnlyForDeploymentPostprocessing = 0;
		};
/* End PBXResourcesBuildPhase section */

/* Begin PBXSourcesBuildPhase section */
		A1DBC17621D7481F002EC98E /* Sources */ = {
			isa = PBXSourcesBuildPhase;
			buildActionMask = 2147483647;
			files = (
				A1DBC18021D74820002EC98E /* CategoriesVC.swift in Sources */,
				A1DBC17E21D74820002EC98E /* AppDelegate.swift in Sources */,
				A1DBC19321D7E55F002EC98E /* CategoryCell.swift in Sources */,
				A1DF773121D8BDBE0028B478 /* ProductCell.swift in Sources */,
				A1DF772C21D8A6980028B478 /* Category.swift in Sources */,
				A1DF772F21D8AAB00028B478 /* DataService.swift in Sources */,
				A1DF773321D91EC00028B478 /* Product.swift in Sources */,
			);
			runOnlyForDeploymentPostprocessing = 0;
		};
/* End PBXSourcesBuildPhase section */

/* Begin PBXVariantGroup section */
		A1DBC18121D74820002EC98E /* Main.storyboard */ = {
			isa = PBXVariantGroup;
			children = (
				A1DBC18221D74820002EC98E /* Base */,
			);
			name = Main.storyboard;
			sourceTree = "<group>";
		};
		A1DBC18621D74825002EC98E /* LaunchScreen.storyboard */ = {
			isa = PBXVariantGroup;
			children = (
				A1DBC18721D74825002EC98E /* Base */,
			);
			name = LaunchScreen.storyboard;
			sourceTree = "<group>";
		};
/* End PBXVariantGroup section */

/* Begin XCBuildConfiguration section */
		A1DBC18A21D74825002EC98E /* Debug */ = {
			isa = XCBuildConfiguration;
			buildSettings = {
				ALWAYS_SEARCH_USER_PATHS = NO;
				CLANG_ANALYZER_NONNULL = YES;
				CLANG_ANALYZER_NUMBER_OBJECT_CONVERSION = YES_AGGRESSIVE;
				CLANG_CXX_LANGUAGE_STANDARD = "gnu++14";
				CLANG_CXX_LIBRARY = "libc++";
				CLANG_ENABLE_MODULES = YES;
				CLANG_ENABLE_OBJC_ARC = YES;
				CLANG_ENABLE_OBJC_WEAK = YES;
				CLANG_WARN_BLOCK_CAPTURE_AUTORELEASING = YES;
				CLANG_WARN_BOOL_CONVERSION = YES;
				CLANG_WARN_COMMA = YES;
				CLANG_WARN_CONSTANT_CONVERSION = YES;
				CLANG_WARN_DEPRECATED_OBJC_IMPLEMENTATIONS = YES;
				CLANG_WARN_DIRECT_OBJC_ISA_USAGE = YES_ERROR;
				CLANG_WARN_DOCUMENTATION_COMMENTS = YES;
				CLANG_WARN_EMPTY_BODY = YES;
				CLANG_WARN_ENUM_CONVERSION = YES;
				CLANG_WARN_INFINITE_RECURSION = YES;
				CLANG_WARN_INT_CONVERSION = YES;
				CLANG_WARN_NON_LITERAL_NULL_CONVERSION = YES;
				CLANG_WARN_OBJC_IMPLICIT_RETAIN_SELF = YES;
				CLANG_WARN_OBJC_LITERAL_CONVERSION = YES;
				CLANG_WARN_OBJC_ROOT_CLASS = YES_ERROR;
				CLANG_WARN_RANGE_LOOP_ANALYSIS = YES;
				CLANG_WARN_STRICT_PROTOTYPES = YES;
				CLANG_WARN_SUSPICIOUS_MOVE = YES;
				CLANG_WARN_UNGUARDED_AVAILABILITY = YES_AGGRESSIVE;
				CLANG_WARN_UNREACHABLE_CODE = YES;
				CLANG_WARN__DUPLICATE_METHOD_MATCH = YES;
				CODE_SIGN_IDENTITY = "iPhone Developer";
				COPY_PHASE_STRIP = NO;
				DEBUG_INFORMATION_FORMAT = dwarf;
				ENABLE_STRICT_OBJC_MSGSEND = YES;
				ENABLE_TESTABILITY = YES;
				GCC_C_LANGUAGE_STANDARD = gnu11;
				GCC_DYNAMIC_NO_PIC = NO;
				GCC_NO_COMMON_BLOCKS = YES;
				GCC_OPTIMIZATION_LEVEL = 0;
				GCC_PREPROCESSOR_DEFINITIONS = (
					"DEBUG=1",
					"$(inherited)",
				);
				GCC_WARN_64_TO_32_BIT_CONVERSION = YES;
				GCC_WARN_ABOUT_RETURN_TYPE = YES_ERROR;
				GCC_WARN_UNDECLARED_SELECTOR = YES;
				GCC_WARN_UNINITIALIZED_AUTOS = YES_AGGRESSIVE;
				GCC_WARN_UNUSED_FUNCTION = YES;
				GCC_WARN_UNUSED_VARIABLE = YES;
				IPHONEOS_DEPLOYMENT_TARGET = 12.1;
				MTL_ENABLE_DEBUG_INFO = INCLUDE_SOURCE;
				MTL_FAST_MATH = YES;
				ONLY_ACTIVE_ARCH = YES;
				SDKROOT = iphoneos;
				SWIFT_ACTIVE_COMPILATION_CONDITIONS = DEBUG;
				SWIFT_OPTIMIZATION_LEVEL = "-Onone";
			};
			name = Debug;
		};
		A1DBC18B21D74825002EC98E /* Release */ = {
			isa = XCBuildConfiguration;
			buildSettings = {
				ALWAYS_SEARCH_USER_PATHS = NO;
				CLANG_ANALYZER_NONNULL = YES;
				CLANG_ANALYZER_NUMBER_OBJECT_CONVERSION = YES_AGGRESSIVE;
				CLANG_CXX_LANGUAGE_STANDARD = "gnu++14";
				CLANG_CXX_LIBRARY = "libc++";
				CLANG_ENABLE_MODULES = YES;
				CLANG_ENABLE_OBJC_ARC = YES;
				CLANG_ENABLE_OBJC_WEAK = YES;
				CLANG_WARN_BLOCK_CAPTURE_AUTORELEASING = YES;
				CLANG_WARN_BOOL_CONVERSION = YES;
				CLANG_WARN_COMMA = YES;
				CLANG_WARN_CONSTANT_CONVERSION = YES;
				CLANG_WARN_DEPRECATED_OBJC_IMPLEMENTATIONS = YES;
				CLANG_WARN_DIRECT_OBJC_ISA_USAGE = YES_ERROR;
				CLANG_WARN_DOCUMENTATION_COMMENTS = YES;
				CLANG_WARN_EMPTY_BODY = YES;
				CLANG_WARN_ENUM_CONVERSION = YES;
				CLANG_WARN_INFINITE_RECURSION = YES;
				CLANG_WARN_INT_CONVERSION = YES;
				CLANG_WARN_NON_LITERAL_NULL_CONVERSION = YES;
				CLANG_WARN_OBJC_IMPLICIT_RETAIN_SELF = YES;
				CLANG_WARN_OBJC_LITERAL_CONVERSION = YES;
				CLANG_WARN_OBJC_ROOT_CLASS = YES_ERROR;
				CLANG_WARN_RANGE_LOOP_ANALYSIS = YES;
				CLANG_WARN_STRICT_PROTOTYPES = YES;
				CLANG_WARN_SUSPICIOUS_MOVE = YES;
				CLANG_WARN_UNGUARDED_AVAILABILITY = YES_AGGRESSIVE;
				CLANG_WARN_UNREACHABLE_CODE = YES;
				CLANG_WARN__DUPLICATE_METHOD_MATCH = YES;
				CODE_SIGN_IDENTITY = "iPhone Developer";
				COPY_PHASE_STRIP = NO;
				DEBUG_INFORMATION_FORMAT = "dwarf-with-dsym";
				ENABLE_NS_ASSERTIONS = NO;
				ENABLE_STRICT_OBJC_MSGSEND = YES;
				GCC_C_LANGUAGE_STANDARD = gnu11;
				GCC_NO_COMMON_BLOCKS = YES;
				GCC_WARN_64_TO_32_BIT_CONVERSION = YES;
				GCC_WARN_ABOUT_RETURN_TYPE = YES_ERROR;
				GCC_WARN_UNDECLARED_SELECTOR = YES;
				GCC_WARN_UNINITIALIZED_AUTOS = YES_AGGRESSIVE;
				GCC_WARN_UNUSED_FUNCTION = YES;
				GCC_WARN_UNUSED_VARIABLE = YES;
				IPHONEOS_DEPLOYMENT_TARGET = 12.1;
				MTL_ENABLE_DEBUG_INFO = NO;
				MTL_FAST_MATH = YES;
				SDKROOT = iphoneos;
				SWIFT_COMPILATION_MODE = wholemodule;
				SWIFT_OPTIMIZATION_LEVEL = "-O";
				VALIDATE_PRODUCT = YES;
			};
			name = Release;
		};
		A1DBC18D21D74825002EC98E /* Debug */ = {
			isa = XCBuildConfiguration;
			buildSettings = {
				ASSETCATALOG_COMPILER_APPICON_NAME = AppIcon;
				CODE_SIGN_STYLE = Automatic;
				DEVELOPMENT_TEAM = 44XL6DX4WB;
				INFOPLIST_FILE = "Coffee-Swagg/Info.plist";
				LD_RUNPATH_SEARCH_PATHS = (
					"$(inherited)",
					"@executable_path/Frameworks",
				);
				PRODUCT_BUNDLE_IDENTIFIER = "net.flyhightech.Coffee-Swagg";
				PRODUCT_NAME = "$(TARGET_NAME)";
				SWIFT_VERSION = 4.2;
				TARGETED_DEVICE_FAMILY = "1,2";
			};
			name = Debug;
		};
		A1DBC18E21D74825002EC98E /* Release */ = {
			isa = XCBuildConfiguration;
			buildSettings = {
				ASSETCATALOG_COMPILER_APPICON_NAME = AppIcon;
				CODE_SIGN_STYLE = Automatic;
				DEVELOPMENT_TEAM = 44XL6DX4WB;
				INFOPLIST_FILE = "Coffee-Swagg/Info.plist";
				LD_RUNPATH_SEARCH_PATHS = (
					"$(inherited)",
					"@executable_path/Frameworks",
				);
				PRODUCT_BUNDLE_IDENTIFIER = "net.flyhightech.Coffee-Swagg";
				PRODUCT_NAME = "$(TARGET_NAME)";
				SWIFT_VERSION = 4.2;
				TARGETED_DEVICE_FAMILY = "1,2";
			};
			name = Release;
		};
/* End XCBuildConfiguration section */

/* Begin XCConfigurationList section */
		A1DBC17521D7481F002EC98E /* Build configuration list for PBXProject "Coffee-Swagg" */ = {
			isa = XCConfigurationList;
			buildConfigurations = (
				A1DBC18A21D74825002EC98E /* Debug */,
				A1DBC18B21D74825002EC98E /* Release */,
			);
			defaultConfigurationIsVisible = 0;
			defaultConfigurationName = Release;
		};
		A1DBC18C21D74825002EC98E /* Build configuration list for PBXNativeTarget "Coffee-Swagg" */ = {
			isa = XCConfigurationList;
			buildConfigurations = (
				A1DBC18D21D74825002EC98E /* Debug */,
				A1DBC18E21D74825002EC98E /* Release */,
			);
			defaultConfigurationIsVisible = 0;
			defaultConfigurationName = Release;
		};
/* End XCConfigurationList section */
	};
	rootObject = A1DBC17221D7481F002EC98E /* Project object */;
}
